<Solution>
  <Project Path="src/BuildingBlocks/ModuleComposition/ALKAROS.ModuleComposition.csproj" />
  <Project Path="src/BuildingBlocks/Messaging/ALKAROS.Messaging.csproj" />
  <Project Path="src/BuildingBlocks/IntegrationContracts/ALKAROS.IntegrationContracts.csproj" />
  <Project Path="src/BuildingBlocks/Measurements/ALKAROS.Measurements.csproj" />
  <Project Path="src/BuildingBlocks/Security/Secrets/ALKAROS.Secrets.csproj" />
  <Project Path="src/BuildingBlocks/Security/SensitiveData/ALKAROS.SensitiveData.csproj" />
  <Project Path="src/Host/ALKAROS.Host.csproj" />
  <Project Path="src/Modules/Audit/ALKAROS.Audit.csproj" />
  <Project Path="src/Modules/Billing/ALKAROS.Billing.csproj" />
  <Project Path="src/Modules/Billing/PaymentClosure/ALKAROS.Billing.PaymentClosure.csproj" />
  <Project Path="src/Modules/Cash/ALKAROS.Cash.csproj" />
  <Project Path="src/Modules/Catalog/ALKAROS.Catalog.csproj" />
  <Project Path="src/Modules/Identity/ALKAROS.Identity.csproj" />
  <Project Path="src/Modules/Kitchen/ALKAROS.Kitchen.csproj" />
  <Project Path="src/Modules/Observability/ALKAROS.Observability.csproj" />
  <Project Path="src/Modules/Operations/ALKAROS.Operations.csproj" />
  <Project Path="src/Modules/Orders/ALKAROS.Orders.csproj" />
  <Project Path="src/Modules/Payments/ALKAROS.Payments.csproj" />
  <Project Path="src/Modules/Payments/TenderComposition/ALKAROS.Payments.TenderComposition.csproj" />
  <Project Path="src/Modules/Invoicing/ALKAROS.Invoicing.csproj" />
  <Project Path="src/Modules/Reconciliation/ALKAROS.Reconciliation.csproj" />
  <Project Path="src/Modules/Reporting/ALKAROS.Reporting.csproj" />
  <Project Path="src/Modules/Security/ALKAROS.Security.csproj" />
  <Project Path="src/Modules/Settings/ALKAROS.Settings.csproj" />
  <Project Path="src/Modules/Support/ALKAROS.Support.csproj" />
  <Project Path="src/Modules/Tables/ALKAROS.Tables.csproj" />
  <Project Path="src/Modules/Recipes/ALKAROS.Recipes.csproj" />
  <Project Path="src/Modules/Inventory/ALKAROS.Inventory.csproj" />
  <Project Path="src/Modules/OnlineOrdering/ALKAROS.OnlineOrdering.csproj" />
  <Project Path="src/Modules/Menu/ALKAROS.Menu.csproj" />
  <Project Path="src/Modules/Purchasing/ALKAROS.Purchasing.csproj" />
  <Project Path="src/Modules/Production/ALKAROS.Production.csproj" />
  <Project Path="src/Modules/QrOrdering/ALKAROS.QrOrdering.csproj" />
  <Project Path="src/Integrations/QrRelay/ALKAROS.QrRelay.csproj" />
  <Project Path="src/Integrations/QrRelay/LocalConnector/ConnectorHost/ALKAROS.QrRelay.ConnectorHost.csproj" />
  <Project Path="src/Clients/Cashier/ALKAROS.Cashier.csproj" />
  <Project Path="src/Clients/WaiterPwa/ALKAROS.WaiterPwa.csproj" />
  <Project Path="tests/Architecture/ModuleBoundaries/ALKAROS.Architecture.Tests.csproj" />
  <Project Path="tests/BuildingBlocks/Messaging/ALKAROS.Messaging.Tests.csproj" />
  <Project Path="tests/BuildingBlocks/Security/Secrets/ALKAROS.Secrets.Tests.csproj" />
  <Project Path="tests/BuildingBlocks/Security/SensitiveData/ALKAROS.SensitiveData.Tests.csproj" />
  <Project Path="tests/BuildingBlocks/Measurements/ALKAROS.Measurements.Tests.csproj" />
  <Project Path="tests/BuildingBlocks/TestHelpers/ALKAROS.TestHelpers.csproj" />
  <Project Path="tests/Host/MigrationComposition/ALKAROS.Host.Tests.csproj" />
  <Project Path="tests/Host/Experience/Authorization/ALKAROS.Host.Experience.Authorization.Tests.csproj" />
  <Project Path="tests/Host/Experience/Roles/ALKAROS.Host.Experience.Roles.Tests.csproj" />
  <Project Path="tests/Host/Experience/Composition/ALKAROS.Host.Experience.Composition.Tests.csproj" />
  <Project Path="tests/Host/Experience/CashSession/ALKAROS.Host.Experience.CashSession.Tests.csproj" />
  <Project Path="tests/Host/Experience/PaymentTender/ALKAROS.Host.Experience.PaymentTender.Tests.csproj" />
  <Project Path="tests/Host/Experience/Catalog/ALKAROS.Host.Experience.Catalog.Tests.csproj" />
  <Project Path="tests/Host/Experience/Tables/ALKAROS.Host.Experience.Tables.Tests.csproj" />
  <Project Path="tests/Host/Experience/KitchenOperations/ALKAROS.Host.Experience.KitchenOperations.Tests.csproj" />
  <Project Path="tests/Host/Experience/Menu/ALKAROS.Host.Experience.Menu.Tests.csproj" />
  <Project Path="tests/Host/Experience/Purchasing/ALKAROS.Host.Experience.Purchasing.Tests.csproj" />
  <Project Path="tests/Host/Experience/Production/ALKAROS.Host.Experience.Production.Tests.csproj" />
  <Project Path="tests/Host/Experience/Settings/ALKAROS.Host.Experience.Settings.Tests.csproj" />
  <Project Path="tests/Host/Experience/Inventory/ALKAROS.Host.Experience.Inventory.Tests.csproj" />
  <Project Path="tests/Host/Experience/Recipes/ALKAROS.Host.Experience.Recipes.Tests.csproj" />
  <Project Path="tests/Host/Experience/InventoryReporting/ALKAROS.Host.Experience.InventoryReporting.Tests.csproj" />
  <Project Path="tests/Host/Experience/OnlineOrdering/ALKAROS.Host.Experience.OnlineOrdering.Tests.csproj" />
  <Project Path="tests/Host/Experience/Reporting/ALKAROS.Host.Experience.Reporting.Tests.csproj" />
  <Project Path="tests/Host/Experience/Reconciliation/ALKAROS.Host.Experience.Reconciliation.Tests.csproj" />
  <Project Path="tests/Host/Experience/SecurityAdministration/ALKAROS.Host.Experience.SecurityAdministration.Tests.csproj" />
  <Project Path="tests/Host/Experience/Observability/ALKAROS.Host.Experience.Observability.Tests.csproj" />
  <Project Path="tests/Host/Experience/Billing/ALKAROS.Host.Experience.Billing.Tests.csproj" />
  <Project Path="tests/Host/Experience/OfflineReconciliation/ALKAROS.Host.Experience.OfflineReconciliation.Tests.csproj" />
  <Project Path="tests/Host/Experience/Orders/Void/ALKAROS.Host.Experience.Orders.Void.Tests.csproj" />
  <Project Path="tests/Host/Experience/Orders/TableDraft/ALKAROS.Host.Experience.Orders.TableDraft.Tests.csproj" />
  <Project Path="tests/Host/Experience/Orders/Comp/ALKAROS.Host.Experience.Orders.Comp.Tests.csproj" />
  <Project Path="tests/Host/Experience/Orders/VoidSent/ALKAROS.Host.Experience.Orders.VoidSent.Tests.csproj" />
  <Project Path="tests/Host/Experience/Orders/Confirmation/ALKAROS.Host.Experience.Orders.Confirmation.Tests.csproj" />
  <Project Path="tests/Host/Experience/PendingOrderNotifications/ALKAROS.Host.Experience.PendingOrderNotifications.Tests.csproj" />
  <Project Path="tests/Host/Experience/WaiterNotifications/ALKAROS.Host.Experience.WaiterNotifications.Tests.csproj" />
  <Project Path="tests/Host/Experience/WebPush/ALKAROS.Host.Experience.WebPush.Tests.csproj" />
  <Project Path="tests/Host/Experience/HelpRequests/ALKAROS.Host.Experience.HelpRequests.Tests.csproj" />
  <Project Path="tests/Host/Experience/NfcOrdering/ALKAROS.Host.Experience.NfcOrdering.Tests.csproj" />
  <Project Path="tests/Host/Experience/QrOrdering/ALKAROS.Host.Experience.QrOrdering.Tests.csproj" />
  <Project Path="tests/Host/Experience/RelaySettings/ALKAROS.Host.Experience.RelaySettings.Tests.csproj" />
  <Project Path="tests/Host/Experience/TokenTerminalSettings/ALKAROS.Host.Experience.TokenTerminalSettings.Tests.csproj" />
  <Project Path="tests/Host/Experience/QnbCredentialSettings/ALKAROS.Host.Experience.QnbCredentialSettings.Tests.csproj" />
  <Project Path="tests/Modules/Audit/EventStore/ALKAROS.Audit.EventStore.Tests.csproj" />
  <Project Path="tests/Modules/Billing/Adjustments/ALKAROS.Billing.Adjustments.Tests.csproj" />
  <Project Path="tests/Modules/Billing/BillFoundation/ALKAROS.Billing.BillFoundation.Tests.csproj" />
  <Project Path="tests/Modules/Billing/PaymentClosure/ALKAROS.Billing.PaymentClosure.Tests.csproj" />
  <Project Path="tests/Modules/Billing/SplitDesign/ALKAROS.Billing.SplitDesign.Tests.csproj" />
  <Project Path="tests/Modules/Cash/Contracts/ALKAROS.Cash.Contracts.Tests.csproj" />
  <Project Path="tests/Modules/Cash/SessionLifecycle/ALKAROS.Cash.SessionLifecycle.Tests.csproj" />
  <Project Path="tests/Modules/Cash/TenderHandler/ALKAROS.Cash.TenderHandler.Tests.csproj" />
  <Project Path="tests/Modules/Cash/TransactionLedger/ALKAROS.Cash.TransactionLedger.Tests.csproj" />
  <Project Path="tests/Modules/Catalog/Pricing/ALKAROS.Catalog.Pricing.Tests.csproj" />
  <Project Path="tests/Modules/Catalog/ProductCatalog/ALKAROS.Catalog.ProductCatalog.Tests.csproj" />
  <Project Path="tests/Modules/Identity/Authentication/ALKAROS.Identity.Authentication.Tests.csproj" />
  <Project Path="tests/Modules/Identity/Authorization/ALKAROS.Identity.Authorization.Tests.csproj" />
  <Project Path="tests/Modules/Identity/DeviceSessions/ALKAROS.Identity.DeviceSessions.Tests.csproj" />
  <Project Path="tests/Modules/Kitchen/PhysicalPrintRecovery/ALKAROS.Kitchen.PhysicalPrintRecovery.Tests.csproj" />
  <Project Path="tests/Modules/Kitchen/PrintQueue/ALKAROS.Kitchen.PrintQueue.Tests.csproj" />
  <Project Path="tests/Modules/Kitchen/Routing/ALKAROS.Kitchen.Routing.Tests.csproj" />
  <Project Path="tests/Modules/Kitchen/OrderItemStateSync/ALKAROS.Kitchen.OrderItemStateSync.Tests.csproj" />
  <Project Path="tests/Modules/Kitchen/TicketLifecycle/ALKAROS.Kitchen.TicketLifecycle.Tests.csproj" />
  <Project Path="tests/Modules/Observability/AlertFoundation/ALKAROS.Observability.AlertFoundation.Tests.csproj" />
  <Project Path="tests/Modules/Observability/Foundation/ALKAROS.Observability.Foundation.Tests.csproj" />
  <Project Path="tests/Modules/Observability/StructuredLogging/ALKAROS.Observability.StructuredLogging.Tests.csproj" />
  <Project Path="tests/Modules/Operations/BackupHealth/ALKAROS.Operations.BackupHealth.Tests.csproj" />
  <Project Path="tests/Modules/Operations/OffsiteBackup/ALKAROS.Operations.OffsiteBackup.Tests.csproj" />
  <Project Path="tests/Modules/Operations/RestoreVerification/ALKAROS.Operations.RestoreVerification.Tests.csproj" />
  <Project Path="tests/Modules/Orders/ItemExceptions/ALKAROS.Orders.ItemExceptions.Tests.csproj" />
  <Project Path="tests/Modules/Orders/OrderAggregate/ALKAROS.Orders.OrderAggregate.Tests.csproj" />
  <Project Path="tests/Modules/Orders/SubmitOrder/ALKAROS.Orders.SubmitOrder.Tests.csproj" />
  <Project Path="tests/Modules/Payments/Allocations/Persistence/ALKAROS.Payments.Allocations.Persistence.Tests.csproj" />
  <Project Path="tests/Modules/Payments/Allocations/RefundIntents/ALKAROS.Payments.Allocations.RefundIntents.Tests.csproj" />
  <Project Path="tests/Modules/Payments/CardSettlement/ALKAROS.Payments.CardSettlement.Tests.csproj" />
  <Project Path="tests/Modules/Payments/EftTender/ALKAROS.Payments.EftTender.Tests.csproj" />
  <Project Path="tests/Modules/Payments/PaymentAggregate/ALKAROS.Payments.PaymentAggregate.Tests.csproj" />
  <Project Path="tests/Modules/Payments/TenderComposition/ALKAROS.Payments.TenderComposition.Tests.csproj" />
  <Project Path="tests/Modules/Payments/TenderRouting/ALKAROS.Payments.TenderRouting.Tests.csproj" />
  <Project Path="tests/Modules/Payments/Token/TerminalCredential/ALKAROS.Payments.Token.TerminalCredential.Tests.csproj" />
  <Project Path="tests/Modules/Invoicing/Qnb/CredentialRegistration/ALKAROS.Invoicing.Qnb.CredentialRegistration.Tests.csproj" />
  <Project Path="tests/Modules/Invoicing/Qnb/Client/ALKAROS.Invoicing.Qnb.Client.Tests.csproj" />
  <Project Path="tests/Modules/Reconciliation/CaseFoundation/ALKAROS.Reconciliation.CaseFoundation.Tests.csproj" />
  <Project Path="tests/Modules/Reconciliation/Payments/ALKAROS.Reconciliation.Payments.Tests.csproj" />
  <Project Path="tests/Modules/Reporting/Payments/ALKAROS.Reporting.Payments.Tests.csproj" />
  <Project Path="tests/Modules/Reporting/V1Operations/ALKAROS.Reporting.V1Operations.Tests.csproj" />
  <Project Path="tests/Modules/Security/DataProtectionRetention/ALKAROS.Security.DataProtectionRetention.Tests.csproj" />
  <Project Path="tests/Modules/Security/IdentityHardening/ALKAROS.Security.IdentityHardening.Tests.csproj" />
  <Project Path="tests/Modules/Security/SecretRotation/ALKAROS.Security.SecretRotation.Tests.csproj" />
  <Project Path="tests/Modules/Settings/TypedSettings/ALKAROS.Settings.TypedSettings.Tests.csproj" />
  <Project Path="tests/Modules/Settings/KitchenLiveSync/ALKAROS.Settings.KitchenLiveSync.Tests.csproj" />
  <Project Path="tests/Modules/Settings/KitchenDenseModeThreshold/ALKAROS.Settings.KitchenDenseModeThreshold.Tests.csproj" />
  <Project Path="tests/Modules/Settings/ReservationStation/ALKAROS.Settings.ReservationStation.Tests.csproj" />
  <Project Path="tests/Modules/Settings/WaiterMaxActiveTables/ALKAROS.Settings.WaiterMaxActiveTables.Tests.csproj" />
  <Project Path="tests/Modules/Settings/BusinessIdentity/ALKAROS.Settings.BusinessIdentity.Tests.csproj" />
  <Project Path="tests/Modules/Support/DiagnosticBundle/ALKAROS.Support.DiagnosticBundle.Tests.csproj" />
  <Project Path="tests/Modules/Tables/CurrentPointers/ALKAROS.Tables.CurrentPointers.Tests.csproj" />
  <Project Path="tests/Modules/Tables/Reservations/ALKAROS.Tables.Reservations.Tests.csproj" />
  <Project Path="tests/Modules/Tables/TableLifecycle/ALKAROS.Tables.TableLifecycle.Tests.csproj" />
  <Project Path="tests/Modules/QrOrdering/TokenLifecycle/ALKAROS.QrOrdering.TokenLifecycle.Tests.csproj" />
  <Project Path="tests/Modules/QrOrdering/RelayCredential/ALKAROS.QrOrdering.RelayCredential.Tests.csproj" />
  <Project Path="tests/Modules/QrOrdering/RelaySecurity/ALKAROS.QrOrdering.RelaySecurity.Tests.csproj" />
  <Project Path="tests/Modules/QrOrdering/CustomerSession/ALKAROS.QrOrdering.CustomerSession.Tests.csproj" />
  <Project Path="tests/Modules/QrOrdering/PendingOrders/ALKAROS.QrOrdering.PendingOrders.Tests.csproj" />
  <Project Path="tests/Modules/QrOrdering/TablePolicy/ALKAROS.QrOrdering.TablePolicy.Tests.csproj" />
  <Project Path="tests/Integrations/QrRelay/PublicGateway/ALKAROS.QrRelay.PublicGateway.Tests.csproj" />
  <Project Path="tests/Integrations/QrRelay/LocalConnector/ALKAROS.QrRelay.LocalConnector.Tests.csproj" />
  <Project Path="tests/Modules/Tables/TableMerge/ALKAROS.Tables.TableMerge.Tests.csproj" />
  <Project Path="tests/Modules/Tables/TableTransfer/ALKAROS.Tables.TableTransfer.Tests.csproj" />
  <Project Path="tests/Modules/Tables/PaymentTopology/ALKAROS.Tables.PaymentTopology.Tests.csproj" />
  <Project Path="tests/Modules/Recipes/Units/ALKAROS.Recipes.Units.Tests.csproj" />
  <Project Path="tests/Modules/Recipes/Versioning/ALKAROS.Recipes.Versioning.Tests.csproj" />
  <Project Path="tests/Modules/Inventory/StockMaster/ALKAROS.Inventory.StockMaster.Tests.csproj" />
  <Project Path="tests/Modules/Inventory/MovementLedger/ALKAROS.Inventory.MovementLedger.Tests.csproj" />
  <Project Path="tests/Modules/Inventory/BalanceProjection/ALKAROS.Inventory.BalanceProjection.Tests.csproj" />
  <Project Path="tests/Modules/Inventory/MovementReversal/ALKAROS.Inventory.MovementReversal.Tests.csproj" />
  <Project Path="tests/Modules/Inventory/ManualAdjustments/ALKAROS.Inventory.ManualAdjustments.Tests.csproj" />
  <Project Path="tests/Modules/Inventory/PhysicalCounts/ALKAROS.Inventory.PhysicalCounts.Tests.csproj" />
  <Project Path="tests/Modules/Inventory/WasteRecording/ALKAROS.Inventory.WasteRecording.Tests.csproj" />
  <Project Path="tests/Modules/Inventory/PortionReservations/Lifecycle/ALKAROS.Inventory.PortionReservations.Lifecycle.Tests.csproj" />
  <Project Path="tests/Modules/Inventory/ReservationBalanceProjection/ALKAROS.Inventory.ReservationBalanceProjection.Tests.csproj" />
  <Project Path="tests/Modules/Inventory/PortionReservations/Concurrency/ALKAROS.Inventory.PortionReservations.Concurrency.Tests.csproj" />
  <Project Path="tests/Modules/Inventory/PortionReservations/CancellationEffects/ALKAROS.Inventory.PortionReservations.CancellationEffects.Tests.csproj" />
  <Project Path="tests/Modules/Inventory/CrossChannelReservation/ALKAROS.Inventory.CrossChannelReservation.Tests.csproj" />
  <Project Path="tests/Modules/OnlineOrdering/Yemeksepeti/ProductMapping/ALKAROS.OnlineOrdering.Yemeksepeti.ProductMapping.Tests.csproj" />
  <Project Path="tests/Modules/OnlineOrdering/Yemeksepeti/StatusMapping/ALKAROS.OnlineOrdering.Yemeksepeti.StatusMapping.Tests.csproj" />
  <Project Path="tests/Modules/OnlineOrdering/Yemeksepeti/WebhookInbox/ALKAROS.OnlineOrdering.Yemeksepeti.WebhookInbox.Tests.csproj" />
  <Project Path="tests/Modules/Menu/StaticMenu/ALKAROS.Menu.StaticMenu.Tests.csproj" />
  <Project Path="tests/Modules/Menu/DailyMenuLifecycle/ALKAROS.Menu.DailyMenuLifecycle.Tests.csproj" />
  <Project Path="tests/Modules/Purchasing/Suppliers/ALKAROS.Purchasing.Suppliers.Tests.csproj" />
  <Project Path="tests/Modules/Purchasing/OrdersAndReceipts/ALKAROS.Purchasing.OrdersAndReceipts.Tests.csproj" />
  <Project Path="tests/Modules/Recipes/CostSnapshots/ALKAROS.Recipes.CostSnapshots.Tests.csproj" />
  <Project Path="tests/Modules/Recipes/CatalogMapping/ALKAROS.Recipes.CatalogMapping.Tests.csproj" />
  <Project Path="tests/Modules/Recipes/TheoreticalConsumption/ALKAROS.Recipes.TheoreticalConsumption.Tests.csproj" />
  <Project Path="tests/Modules/Production/BatchLifecycle/ALKAROS.Production.BatchLifecycle.Tests.csproj" />
  <Project Path="tests/Modules/Production/StockEffects/ALKAROS.Production.StockEffects.Tests.csproj" />
  <Project Path="tests/Modules/Menu/CounterProjection/ALKAROS.Menu.CounterProjection.Tests.csproj" />
  <Project Path="tests/Modules/Reporting/MenuInventory/ALKAROS.Reporting.MenuInventory.Tests.csproj" />
</Solution>
