
Microsoft Visual Studio Solution File, Format Version 12.00
# Visual Studio Version 17
VisualStudioVersion = 17.0.31903.59
MinimumVisualStudioVersion = 10.0.40219.1
Project("{2150E333-8FDC-42A3-9474-1A3956D46DE8}") = "src", "src", "{E8EDC348-69A1-4AAC-84D0-B182DFD117E8}"
EndProject
Project("{2150E333-8FDC-42A3-9474-1A3956D46DE8}") = "BuildingBlocks", "BuildingBlocks", "{4CCAD113-400C-4FA7-98D8-048CCE95A911}"
EndProject
Project("{FAE04EC0-301F-11D3-BF4B-00C04F79EFBC}") = "ALKAROS.ModuleComposition", "src\BuildingBlocks\ModuleComposition\ALKAROS.ModuleComposition.csproj", "{46DFE956-0BD5-44D2-AB93-31BF981B78EC}"
EndProject
Project("{FAE04EC0-301F-11D3-BF4B-00C04F79EFBC}") = "ALKAROS.Host", "src\Host\ALKAROS.Host.csproj", "{BFC9C91C-9E80-4588-9C99-E09964DF0C3F}"
EndProject
Project("{2150E333-8FDC-42A3-9474-1A3956D46DE8}") = "Modules", "Modules", "{0134AF41-3FBA-4436-956F-24CA383BB13B}"
EndProject
Project("{FAE04EC0-301F-11D3-BF4B-00C04F79EFBC}") = "ALKAROS.Orders", "src\Modules\Orders\ALKAROS.Orders.csproj", "{BFDE08A6-E7DE-4516-BEBC-87A4A38AB82D}"
EndProject
Project("{FAE04EC0-301F-11D3-BF4B-00C04F79EFBC}") = "ALKAROS.Billing", "src\Modules\Billing\ALKAROS.Billing.csproj", "{10F8D9F3-509B-47CB-8612-4A8313C8B5A4}"
EndProject
Project("{FAE04EC0-301F-11D3-BF4B-00C04F79EFBC}") = "ALKAROS.Payments", "src\Modules\Payments\ALKAROS.Payments.csproj", "{51C74A34-6E21-46BE-A812-E78C79CA11C7}"
EndProject
Project("{FAE04EC0-301F-11D3-BF4B-00C04F79EFBC}") = "ALKAROS.Kitchen", "src\Modules\Kitchen\ALKAROS.Kitchen.csproj", "{2B0D3F29-80B6-41B0-AC9A-8D9D2BBA94CE}"
EndProject
Project("{FAE04EC0-301F-11D3-BF4B-00C04F79EFBC}") = "ALKAROS.Catalog", "src\Modules\Catalog\ALKAROS.Catalog.csproj", "{2020DF20-7650-452C-B9CB-90FD4166ABCA}"
EndProject
Project("{FAE04EC0-301F-11D3-BF4B-00C04F79EFBC}") = "ALKAROS.Tables", "src\Modules\Tables\ALKAROS.Tables.csproj", "{5B7C9E60-8455-49A8-9152-645A1DA1AAF4}"
EndProject
Project("{FAE04EC0-301F-11D3-BF4B-00C04F79EFBC}") = "ALKAROS.Cash", "src\Modules\Cash\ALKAROS.Cash.csproj", "{917C1140-238C-4F79-BAC2-F7D63271E639}"
EndProject
Project("{FAE04EC0-301F-11D3-BF4B-00C04F79EFBC}") = "ALKAROS.Fiscal", "src\Modules\Fiscal\ALKAROS.Fiscal.csproj", "{1749AFF6-E072-42D4-9F7B-4837FF81DADE}"
EndProject
Project("{FAE04EC0-301F-11D3-BF4B-00C04F79EFBC}") = "ALKAROS.Inventory", "src\Modules\Inventory\ALKAROS.Inventory.csproj", "{DE130951-231C-494A-87D7-BB2487CB6578}"
EndProject
Project("{FAE04EC0-301F-11D3-BF4B-00C04F79EFBC}") = "ALKAROS.Accounts", "src\Modules\Accounts\ALKAROS.Accounts.csproj", "{AE0B41EF-14FE-47F6-83D9-C1DBA01B5D3C}"
EndProject
Project("{FAE04EC0-301F-11D3-BF4B-00C04F79EFBC}") = "ALKAROS.Reporting", "src\Modules\Reporting\ALKAROS.Reporting.csproj", "{D8611BB5-6EA6-4E7D-BF6F-3E3B832D039C}"
EndProject
Project("{FAE04EC0-301F-11D3-BF4B-00C04F79EFBC}") = "ALKAROS.Reconciliation", "src\Modules\Reconciliation\ALKAROS.Reconciliation.csproj", "{DC97735C-5CE7-4E8E-82B5-0A1490573D56}"
EndProject
Project("{FAE04EC0-301F-11D3-BF4B-00C04F79EFBC}") = "ALKAROS.Notifications", "src\Modules\Notifications\ALKAROS.Notifications.csproj", "{C7085467-0256-4676-B00E-E450BC4AF220}"
EndProject
Project("{FAE04EC0-301F-11D3-BF4B-00C04F79EFBC}") = "ALKAROS.Settings", "src\Modules\Settings\ALKAROS.Settings.csproj", "{8E18B714-E974-4287-8CAA-71E96B705606}"
EndProject
Project("{FAE04EC0-301F-11D3-BF4B-00C04F79EFBC}") = "ALKAROS.Identity", "src\Modules\Identity\ALKAROS.Identity.csproj", "{DDBAFBDB-6DC1-4F85-8F83-DA56E276EA72}"
EndProject
Project("{2150E333-8FDC-42A3-9474-1A3956D46DE8}") = "Clients", "Clients", "{0E2F6B8B-3E18-436C-A559-C375AF7CC5EB}"
EndProject
Project("{FAE04EC0-301F-11D3-BF4B-00C04F79EFBC}") = "ALKAROS.Cashier", "src\Clients\Cashier\ALKAROS.Cashier.csproj", "{6B631477-778F-44A6-9BD8-5AEB755C8D51}"
EndProject
Project("{FAE04EC0-301F-11D3-BF4B-00C04F79EFBC}") = "ALKAROS.Waiter", "src\Clients\Waiter\ALKAROS.Waiter.csproj", "{A3CE1873-3FB7-4658-8312-4E8DCA6664D5}"
EndProject
Project("{2150E333-8FDC-42A3-9474-1A3956D46DE8}") = "Integrations", "Integrations", "{8B982790-6E72-4BEB-8792-EF0BA0F3CBAC}"
EndProject
Project("{FAE04EC0-301F-11D3-BF4B-00C04F79EFBC}") = "ALKAROS.Hugin", "src\Integrations\Hugin\ALKAROS.Hugin.csproj", "{A761F4C1-7AB6-4A9C-8C4A-9BE55FBA1907}"
EndProject
Project("{FAE04EC0-301F-11D3-BF4B-00C04F79EFBC}") = "ALKAROS.Qnb", "src\Integrations\Qnb\ALKAROS.Qnb.csproj", "{AFB19617-C501-43BA-9BFC-0115CD67FE03}"
EndProject
Project("{FAE04EC0-301F-11D3-BF4B-00C04F79EFBC}") = "ALKAROS.Yemeksepeti", "src\Integrations\Yemeksepeti\ALKAROS.Yemeksepeti.csproj", "{7C289AB8-08BC-4323-92DA-BB12CE226D92}"
EndProject
Project("{FAE04EC0-301F-11D3-BF4B-00C04F79EFBC}") = "ALKAROS.MealCard", "src\Integrations\MealCard\ALKAROS.MealCard.csproj", "{93A5EEEA-EBC2-47D1-8175-CE0AB4822BB4}"
EndProject
Project("{FAE04EC0-301F-11D3-BF4B-00C04F79EFBC}") = "ALKAROS.QrRelay", "src\Integrations\QrRelay\ALKAROS.QrRelay.csproj", "{1717BE2F-1CBD-4907-8C59-09B0F9710AB3}"
EndProject
Project("{2150E333-8FDC-42A3-9474-1A3956D46DE8}") = "tests", "tests", "{2A2903FE-D09B-44B9-9966-23C5F33F1496}"
EndProject
Project("{2150E333-8FDC-42A3-9474-1A3956D46DE8}") = "Architecture", "Architecture", "{C434B3F3-A9DA-4B63-A3A8-C99C70B77857}"
EndProject
Project("{FAE04EC0-301F-11D3-BF4B-00C04F79EFBC}") = "ALKAROS.Architecture.Tests", "tests\Architecture\ModuleBoundaries\ALKAROS.Architecture.Tests.csproj", "{B3BA3D36-80D6-4ADD-A559-5895C777F18A}"
EndProject
Global
	GlobalSection(SolutionConfigurationPlatforms) = preSolution
		Debug|Any CPU = Debug|Any CPU
		Release|Any CPU = Release|Any CPU
	EndGlobalSection
	GlobalSection(SolutionProperties) = preSolution
		HideSolutionNode = FALSE
	EndGlobalSection
	GlobalSection(ProjectConfigurationPlatforms) = postSolution
		{46DFE956-0BD5-44D2-AB93-31BF981B78EC}.Debug|Any CPU.ActiveCfg = Debug|Any CPU
		{46DFE956-0BD5-44D2-AB93-31BF981B78EC}.Debug|Any CPU.Build.0 = Debug|Any CPU
		{46DFE956-0BD5-44D2-AB93-31BF981B78EC}.Release|Any CPU.ActiveCfg = Release|Any CPU
		{46DFE956-0BD5-44D2-AB93-31BF981B78EC}.Release|Any CPU.Build.0 = Release|Any CPU
		{BFC9C91C-9E80-4588-9C99-E09964DF0C3F}.Debug|Any CPU.ActiveCfg = Debug|Any CPU
		{BFC9C91C-9E80-4588-9C99-E09964DF0C3F}.Debug|Any CPU.Build.0 = Debug|Any CPU
		{BFC9C91C-9E80-4588-9C99-E09964DF0C3F}.Release|Any CPU.ActiveCfg = Release|Any CPU
		{BFC9C91C-9E80-4588-9C99-E09964DF0C3F}.Release|Any CPU.Build.0 = Release|Any CPU
		{BFDE08A6-E7DE-4516-BEBC-87A4A38AB82D}.Debug|Any CPU.ActiveCfg = Debug|Any CPU
		{BFDE08A6-E7DE-4516-BEBC-87A4A38AB82D}.Debug|Any CPU.Build.0 = Debug|Any CPU
		{BFDE08A6-E7DE-4516-BEBC-87A4A38AB82D}.Release|Any CPU.ActiveCfg = Release|Any CPU
		{BFDE08A6-E7DE-4516-BEBC-87A4A38AB82D}.Release|Any CPU.Build.0 = Release|Any CPU
		{10F8D9F3-509B-47CB-8612-4A8313C8B5A4}.Debug|Any CPU.ActiveCfg = Debug|Any CPU
		{10F8D9F3-509B-47CB-8612-4A8313C8B5A4}.Debug|Any CPU.Build.0 = Debug|Any CPU
		{10F8D9F3-509B-47CB-8612-4A8313C8B5A4}.Release|Any CPU.ActiveCfg = Release|Any CPU
		{10F8D9F3-509B-47CB-8612-4A8313C8B5A4}.Release|Any CPU.Build.0 = Release|Any CPU
		{51C74A34-6E21-46BE-A812-E78C79CA11C7}.Debug|Any CPU.ActiveCfg = Debug|Any CPU
		{51C74A34-6E21-46BE-A812-E78C79CA11C7}.Debug|Any CPU.Build.0 = Debug|Any CPU
		{51C74A34-6E21-46BE-A812-E78C79CA11C7}.Release|Any CPU.ActiveCfg = Release|Any CPU
		{51C74A34-6E21-46BE-A812-E78C79CA11C7}.Release|Any CPU.Build.0 = Release|Any CPU
		{2B0D3F29-80B6-41B0-AC9A-8D9D2BBA94CE}.Debug|Any CPU.ActiveCfg = Debug|Any CPU
		{2B0D3F29-80B6-41B0-AC9A-8D9D2BBA94CE}.Debug|Any CPU.Build.0 = Debug|Any CPU
		{2B0D3F29-80B6-41B0-AC9A-8D9D2BBA94CE}.Release|Any CPU.ActiveCfg = Release|Any CPU
		{2B0D3F29-80B6-41B0-AC9A-8D9D2BBA94CE}.Release|Any CPU.Build.0 = Release|Any CPU
		{2020DF20-7650-452C-B9CB-90FD4166ABCA}.Debug|Any CPU.ActiveCfg = Debug|Any CPU
		{2020DF20-7650-452C-B9CB-90FD4166ABCA}.Debug|Any CPU.Build.0 = Debug|Any CPU
		{2020DF20-7650-452C-B9CB-90FD4166ABCA}.Release|Any CPU.ActiveCfg = Release|Any CPU
		{2020DF20-7650-452C-B9CB-90FD4166ABCA}.Release|Any CPU.Build.0 = Release|Any CPU
		{5B7C9E60-8455-49A8-9152-645A1DA1AAF4}.Debug|Any CPU.ActiveCfg = Debug|Any CPU
		{5B7C9E60-8455-49A8-9152-645A1DA1AAF4}.Debug|Any CPU.Build.0 = Debug|Any CPU
		{5B7C9E60-8455-49A8-9152-645A1DA1AAF4}.Release|Any CPU.ActiveCfg = Release|Any CPU
		{5B7C9E60-8455-49A8-9152-645A1DA1AAF4}.Release|Any CPU.Build.0 = Release|Any CPU
		{917C1140-238C-4F79-BAC2-F7D63271E639}.Debug|Any CPU.ActiveCfg = Debug|Any CPU
		{917C1140-238C-4F79-BAC2-F7D63271E639}.Debug|Any CPU.Build.0 = Debug|Any CPU
		{917C1140-238C-4F79-BAC2-F7D63271E639}.Release|Any CPU.ActiveCfg = Release|Any CPU
		{917C1140-238C-4F79-BAC2-F7D63271E639}.Release|Any CPU.Build.0 = Release|Any CPU
		{1749AFF6-E072-42D4-9F7B-4837FF81DADE}.Debug|Any CPU.ActiveCfg = Debug|Any CPU
		{1749AFF6-E072-42D4-9F7B-4837FF81DADE}.Debug|Any CPU.Build.0 = Debug|Any CPU
		{1749AFF6-E072-42D4-9F7B-4837FF81DADE}.Release|Any CPU.ActiveCfg = Release|Any CPU
		{1749AFF6-E072-42D4-9F7B-4837FF81DADE}.Release|Any CPU.Build.0 = Release|Any CPU
		{DE130951-231C-494A-87D7-BB2487CB6578}.Debug|Any CPU.ActiveCfg = Debug|Any CPU
		{DE130951-231C-494A-87D7-BB2487CB6578}.Debug|Any CPU.Build.0 = Debug|Any CPU
		{DE130951-231C-494A-87D7-BB2487CB6578}.Release|Any CPU.ActiveCfg = Release|Any CPU
		{DE130951-231C-494A-87D7-BB2487CB6578}.Release|Any CPU.Build.0 = Release|Any CPU
		{AE0B41EF-14FE-47F6-83D9-C1DBA01B5D3C}.Debug|Any CPU.ActiveCfg = Debug|Any CPU
		{AE0B41EF-14FE-47F6-83D9-C1DBA01B5D3C}.Debug|Any CPU.Build.0 = Debug|Any CPU
		{AE0B41EF-14FE-47F6-83D9-C1DBA01B5D3C}.Release|Any CPU.ActiveCfg = Release|Any CPU
		{AE0B41EF-14FE-47F6-83D9-C1DBA01B5D3C}.Release|Any CPU.Build.0 = Release|Any CPU
		{D8611BB5-6EA6-4E7D-BF6F-3E3B832D039C}.Debug|Any CPU.ActiveCfg = Debug|Any CPU
		{D8611BB5-6EA6-4E7D-BF6F-3E3B832D039C}.Debug|Any CPU.Build.0 = Debug|Any CPU
		{D8611BB5-6EA6-4E7D-BF6F-3E3B832D039C}.Release|Any CPU.ActiveCfg = Release|Any CPU
		{D8611BB5-6EA6-4E7D-BF6F-3E3B832D039C}.Release|Any CPU.Build.0 = Release|Any CPU
		{DC97735C-5CE7-4E8E-82B5-0A1490573D56}.Debug|Any CPU.ActiveCfg = Debug|Any CPU
		{DC97735C-5CE7-4E8E-82B5-0A1490573D56}.Debug|Any CPU.Build.0 = Debug|Any CPU
		{DC97735C-5CE7-4E8E-82B5-0A1490573D56}.Release|Any CPU.ActiveCfg = Release|Any CPU
		{DC97735C-5CE7-4E8E-82B5-0A1490573D56}.Release|Any CPU.Build.0 = Release|Any CPU
		{C7085467-0256-4676-B00E-E450BC4AF220}.Debug|Any CPU.ActiveCfg = Debug|Any CPU
		{C7085467-0256-4676-B00E-E450BC4AF220}.Debug|Any CPU.Build.0 = Debug|Any CPU
		{C7085467-0256-4676-B00E-E450BC4AF220}.Release|Any CPU.ActiveCfg = Release|Any CPU
		{C7085467-0256-4676-B00E-E450BC4AF220}.Release|Any CPU.Build.0 = Release|Any CPU
		{8E18B714-E974-4287-8CAA-71E96B705606}.Debug|Any CPU.ActiveCfg = Debug|Any CPU
		{8E18B714-E974-4287-8CAA-71E96B705606}.Debug|Any CPU.Build.0 = Debug|Any CPU
		{8E18B714-E974-4287-8CAA-71E96B705606}.Release|Any CPU.ActiveCfg = Release|Any CPU
		{8E18B714-E974-4287-8CAA-71E96B705606}.Release|Any CPU.Build.0 = Release|Any CPU
		{DDBAFBDB-6DC1-4F85-8F83-DA56E276EA72}.Debug|Any CPU.ActiveCfg = Debug|Any CPU
		{DDBAFBDB-6DC1-4F85-8F83-DA56E276EA72}.Debug|Any CPU.Build.0 = Debug|Any CPU
		{DDBAFBDB-6DC1-4F85-8F83-DA56E276EA72}.Release|Any CPU.ActiveCfg = Release|Any CPU
		{DDBAFBDB-6DC1-4F85-8F83-DA56E276EA72}.Release|Any CPU.Build.0 = Release|Any CPU
		{6B631477-778F-44A6-9BD8-5AEB755C8D51}.Debug|Any CPU.ActiveCfg = Debug|Any CPU
		{6B631477-778F-44A6-9BD8-5AEB755C8D51}.Debug|Any CPU.Build.0 = Debug|Any CPU
		{6B631477-778F-44A6-9BD8-5AEB755C8D51}.Release|Any CPU.ActiveCfg = Release|Any CPU
		{6B631477-778F-44A6-9BD8-5AEB755C8D51}.Release|Any CPU.Build.0 = Release|Any CPU
		{A3CE1873-3FB7-4658-8312-4E8DCA6664D5}.Debug|Any CPU.ActiveCfg = Debug|Any CPU
		{A3CE1873-3FB7-4658-8312-4E8DCA6664D5}.Debug|Any CPU.Build.0 = Debug|Any CPU
		{A3CE1873-3FB7-4658-8312-4E8DCA6664D5}.Release|Any CPU.ActiveCfg = Release|Any CPU
		{A3CE1873-3FB7-4658-8312-4E8DCA6664D5}.Release|Any CPU.Build.0 = Release|Any CPU
		{A761F4C1-7AB6-4A9C-8C4A-9BE55FBA1907}.Debug|Any CPU.ActiveCfg = Debug|Any CPU
		{A761F4C1-7AB6-4A9C-8C4A-9BE55FBA1907}.Debug|Any CPU.Build.0 = Debug|Any CPU
		{A761F4C1-7AB6-4A9C-8C4A-9BE55FBA1907}.Release|Any CPU.ActiveCfg = Release|Any CPU
		{A761F4C1-7AB6-4A9C-8C4A-9BE55FBA1907}.Release|Any CPU.Build.0 = Release|Any CPU
		{AFB19617-C501-43BA-9BFC-0115CD67FE03}.Debug|Any CPU.ActiveCfg = Debug|Any CPU
		{AFB19617-C501-43BA-9BFC-0115CD67FE03}.Debug|Any CPU.Build.0 = Debug|Any CPU
		{AFB19617-C501-43BA-9BFC-0115CD67FE03}.Release|Any CPU.ActiveCfg = Release|Any CPU
		{AFB19617-C501-43BA-9BFC-0115CD67FE03}.Release|Any CPU.Build.0 = Release|Any CPU
		{7C289AB8-08BC-4323-92DA-BB12CE226D92}.Debug|Any CPU.ActiveCfg = Debug|Any CPU
		{7C289AB8-08BC-4323-92DA-BB12CE226D92}.Debug|Any CPU.Build.0 = Debug|Any CPU
		{7C289AB8-08BC-4323-92DA-BB12CE226D92}.Release|Any CPU.ActiveCfg = Release|Any CPU
		{7C289AB8-08BC-4323-92DA-BB12CE226D92}.Release|Any CPU.Build.0 = Release|Any CPU
		{93A5EEEA-EBC2-47D1-8175-CE0AB4822BB4}.Debug|Any CPU.ActiveCfg = Debug|Any CPU
		{93A5EEEA-EBC2-47D1-8175-CE0AB4822BB4}.Debug|Any CPU.Build.0 = Debug|Any CPU
		{93A5EEEA-EBC2-47D1-8175-CE0AB4822BB4}.Release|Any CPU.ActiveCfg = Release|Any CPU
		{93A5EEEA-EBC2-47D1-8175-CE0AB4822BB4}.Release|Any CPU.Build.0 = Release|Any CPU
		{1717BE2F-1CBD-4907-8C59-09B0F9710AB3}.Debug|Any CPU.ActiveCfg = Debug|Any CPU
		{1717BE2F-1CBD-4907-8C59-09B0F9710AB3}.Debug|Any CPU.Build.0 = Debug|Any CPU
		{1717BE2F-1CBD-4907-8C59-09B0F9710AB3}.Release|Any CPU.ActiveCfg = Release|Any CPU
		{1717BE2F-1CBD-4907-8C59-09B0F9710AB3}.Release|Any CPU.Build.0 = Release|Any CPU
		{B3BA3D36-80D6-4ADD-A559-5895C777F18A}.Debug|Any CPU.ActiveCfg = Debug|Any CPU
		{B3BA3D36-80D6-4ADD-A559-5895C777F18A}.Debug|Any CPU.Build.0 = Debug|Any CPU
		{B3BA3D36-80D6-4ADD-A559-5895C777F18A}.Release|Any CPU.ActiveCfg = Release|Any CPU
		{B3BA3D36-80D6-4ADD-A559-5895C777F18A}.Release|Any CPU.Build.0 = Release|Any CPU
	EndGlobalSection
	GlobalSection(NestedProjects) = preSolution
		{4CCAD113-400C-4FA7-98D8-048CCE95A911} = {E8EDC348-69A1-4AAC-84D0-B182DFD117E8}
		{46DFE956-0BD5-44D2-AB93-31BF981B78EC} = {4CCAD113-400C-4FA7-98D8-048CCE95A911}
		{BFC9C91C-9E80-4588-9C99-E09964DF0C3F} = {E8EDC348-69A1-4AAC-84D0-B182DFD117E8}
		{0134AF41-3FBA-4436-956F-24CA383BB13B} = {E8EDC348-69A1-4AAC-84D0-B182DFD117E8}
		{BFDE08A6-E7DE-4516-BEBC-87A4A38AB82D} = {0134AF41-3FBA-4436-956F-24CA383BB13B}
		{10F8D9F3-509B-47CB-8612-4A8313C8B5A4} = {0134AF41-3FBA-4436-956F-24CA383BB13B}
		{51C74A34-6E21-46BE-A812-E78C79CA11C7} = {0134AF41-3FBA-4436-956F-24CA383BB13B}
		{2B0D3F29-80B6-41B0-AC9A-8D9D2BBA94CE} = {0134AF41-3FBA-4436-956F-24CA383BB13B}
		{2020DF20-7650-452C-B9CB-90FD4166ABCA} = {0134AF41-3FBA-4436-956F-24CA383BB13B}
		{5B7C9E60-8455-49A8-9152-645A1DA1AAF4} = {0134AF41-3FBA-4436-956F-24CA383BB13B}
		{917C1140-238C-4F79-BAC2-F7D63271E639} = {0134AF41-3FBA-4436-956F-24CA383BB13B}
		{1749AFF6-E072-42D4-9F7B-4837FF81DADE} = {0134AF41-3FBA-4436-956F-24CA383BB13B}
		{DE130951-231C-494A-87D7-BB2487CB6578} = {0134AF41-3FBA-4436-956F-24CA383BB13B}
		{AE0B41EF-14FE-47F6-83D9-C1DBA01B5D3C} = {0134AF41-3FBA-4436-956F-24CA383BB13B}
		{D8611BB5-6EA6-4E7D-BF6F-3E3B832D039C} = {0134AF41-3FBA-4436-956F-24CA383BB13B}
		{DC97735C-5CE7-4E8E-82B5-0A1490573D56} = {0134AF41-3FBA-4436-956F-24CA383BB13B}
		{C7085467-0256-4676-B00E-E450BC4AF220} = {0134AF41-3FBA-4436-956F-24CA383BB13B}
		{8E18B714-E974-4287-8CAA-71E96B705606} = {0134AF41-3FBA-4436-956F-24CA383BB13B}
		{DDBAFBDB-6DC1-4F85-8F83-DA56E276EA72} = {0134AF41-3FBA-4436-956F-24CA383BB13B}
		{0E2F6B8B-3E18-436C-A559-C375AF7CC5EB} = {E8EDC348-69A1-4AAC-84D0-B182DFD117E8}
		{6B631477-778F-44A6-9BD8-5AEB755C8D51} = {0E2F6B8B-3E18-436C-A559-C375AF7CC5EB}
		{A3CE1873-3FB7-4658-8312-4E8DCA6664D5} = {0E2F6B8B-3E18-436C-A559-C375AF7CC5EB}
		{8B982790-6E72-4BEB-8792-EF0BA0F3CBAC} = {E8EDC348-69A1-4AAC-84D0-B182DFD117E8}
		{A761F4C1-7AB6-4A9C-8C4A-9BE55FBA1907} = {8B982790-6E72-4BEB-8792-EF0BA0F3CBAC}
		{AFB19617-C501-43BA-9BFC-0115CD67FE03} = {8B982790-6E72-4BEB-8792-EF0BA0F3CBAC}
		{7C289AB8-08BC-4323-92DA-BB12CE226D92} = {8B982790-6E72-4BEB-8792-EF0BA0F3CBAC}
		{93A5EEEA-EBC2-47D1-8175-CE0AB4822BB4} = {8B982790-6E72-4BEB-8792-EF0BA0F3CBAC}
		{1717BE2F-1CBD-4907-8C59-09B0F9710AB3} = {8B982790-6E72-4BEB-8792-EF0BA0F3CBAC}
		{C434B3F3-A9DA-4B63-A3A8-C99C70B77857} = {2A2903FE-D09B-44B9-9966-23C5F33F1496}
		{B3BA3D36-80D6-4ADD-A559-5895C777F18A} = {C434B3F3-A9DA-4B63-A3A8-C99C70B77857}
	EndGlobalSection
EndGlobal
